// !$*UTF8*$!
{
	archiveVersion = 1;
	classes = {
	};
	objectVersion = 50;
	objects = {

/* Begin PBXBuildFile section */
		0512ECD525709CD600FF9F4C /* PortalPageViewController.swift in Sources */ = {isa = PBXBuildFile; fileRef = 0512ECD425709CD600FF9F4C /* PortalPageViewController.swift */; };
		059F03B22535918F00C9915A /* AppDelegate.swift in Sources */ = {isa = PBXBuildFile; fileRef = 059F03B12535918F00C9915A /* AppDelegate.swift */; };
		059F03B42535918F00C9915A /* SceneDelegate.swift in Sources */ = {isa = PBXBuildFile; fileRef = 059F03B32535918F00C9915A /* SceneDelegate.swift */; };
		059F03B62535918F00C9915A /* ViewController.swift in Sources */ = {isa = PBXBuildFile; fileRef = 059F03B52535918F00C9915A /* ViewController.swift */; };
		059F03B92535918F00C9915A /* Main.storyboard in Resources */ = {isa = PBXBuildFile; fileRef = 059F03B72535918F00C9915A /* Main.storyboard */; };
		059F03BB2535919300C9915A /* Assets.xcassets in Resources */ = {isa = PBXBuildFile; fileRef = 059F03BA2535919300C9915A /* Assets.xcassets */; };
		059F03BE2535919300C9915A /* LaunchScreen.storyboard in Resources */ = {isa = PBXBuildFile; fileRef = 059F03BC2535919300C9915A /* LaunchScreen.storyboard */; };
		059F03CA2536E49200C9915A /* TextDesinableView.swift in Sources */ = {isa = PBXBuildFile; fileRef = 059F03C92536E49100C9915A /* TextDesinableView.swift */; };
		05D85C272574D1D600983CA0 /* User.swift in Sources */ = {isa = PBXBuildFile; fileRef = 05D85C262574D1D600983CA0 /* User.swift */; };
		05D85C2A2574D89C00983CA0 /* Login.swift in Sources */ = {isa = PBXBuildFile; fileRef = 05D85C292574D89C00983CA0 /* Login.swift */; };
/* End PBXBuildFile section */

/* Begin PBXFileReference section */
		0512ECD425709CD600FF9F4C /* PortalPageViewController.swift */ = {isa = PBXFileReference; lastKnownFileType = sourcecode.swift; path = PortalPageViewController.swift; sourceTree = "<group>"; };
		059F03AE2535918F00C9915A /* Agile-tech.app */ = {isa = PBXFileReference; explicitFileType = wrapper.application; includeInIndex = 0; path = "Agile-tech.app"; sourceTree = BUILT_PRODUCTS_DIR; };
		059F03B12535918F00C9915A /* AppDelegate.swift */ = {isa = PBXFileReference; lastKnownFileType = sourcecode.swift; path = AppDelegate.swift; sourceTree = "<group>"; };
		059F03B32535918F00C9915A /* SceneDelegate.swift */ = {isa = PBXFileReference; lastKnownFileType = sourcecode.swift; path = SceneDelegate.swift; sourceTree = "<group>"; };
		059F03B52535918F00C9915A /* ViewController.swift */ = {isa = PBXFileReference; lastKnownFileType = sourcecode.swift; path = ViewController.swift; sourceTree = "<group>"; };
		059F03B82535918F00C9915A /* Base */ = {isa = PBXFileReference; lastKnownFileType = file.storyboard; name = Base; path = Base.lproj/Main.storyboard; sourceTree = "<group>"; };
		059F03BA2535919300C9915A /* Assets.xcassets */ = {isa = PBXFileReference; lastKnownFileType = folder.assetcatalog; path = Assets.xcassets; sourceTree = "<group>"; };
		059F03BD2535919300C9915A /* Base */ = {isa = PBXFileReference; lastKnownFileType = file.storyboard; name = Base; path = Base.lproj/LaunchScreen.storyboard; sourceTree = "<group>"; };
		059F03BF2535919300C9915A /* Info.plist */ = {isa = PBXFileReference; lastKnownFileType = text.plist.xml; path = Info.plist; sourceTree = "<group>"; };
		059F03C92536E49100C9915A /* TextDesinableView.swift */ = {isa = PBXFileReference; lastKnownFileType = sourcecode.swift; path = TextDesinableView.swift; sourceTree = "<group>"; };
		05D85C262574D1D600983CA0 /* User.swift */ = {isa = PBXFileReference; fileEncoding = 4; lastKnownFileType = sourcecode.swift; path = User.swift; sourceTree = "<group>"; };
		05D85C292574D89C00983CA0 /* Login.swift */ = {isa = PBXFileReference; lastKnownFileType = sourcecode.swift; path = Login.swift; sourceTree = "<group>"; };
/* End PBXFileReference section */

/* Begin PBXFrameworksBuildPhase section */
		059F03AB2535918F00C9915A /* Frameworks */ = {
			isa = PBXFrameworksBuildPhase;
			buildActionMask = 2147483647;
			files = (
			);
			runOnlyForDeploymentPostprocessing = 0;
		};
/* End PBXFrameworksBuildPhase section */

/* Begin PBXGroup section */
		059F03A52535918F00C9915A = {
			isa = PBXGroup;
			children = (
				059F03B02535918F00C9915A /* Agile-tech */,
				059F03AF2535918F00C9915A /* Products */,
			);
			sourceTree = "<group>";
		};
		059F03AF2535918F00C9915A /* Products */ = {
			isa = PBXGroup;
			children = (
				059F03AE2535918F00C9915A /* Agile-tech.app */,
			);
			name = Products;
			sourceTree = "<group>";
		};
		059F03B02535918F00C9915A /* Agile-tech */ = {
			isa = PBXGroup;
			children = (
				05D85C242574B48B00983CA0 /* ViewController */,
				059F03C72536E43000C9915A /* DesignableView */,
				059F03B12535918F00C9915A /* AppDelegate.swift */,
				059F03B32535918F00C9915A /* SceneDelegate.swift */,
				05D85C292574D89C00983CA0 /* Login.swift */,
				059F03B72535918F00C9915A /* Main.storyboard */,
				05D85C262574D1D600983CA0 /* User.swift */,
				059F03BA2535919300C9915A /* Assets.xcassets */,
				059F03BC2535919300C9915A /* LaunchScreen.storyboard */,
				059F03BF2535919300C9915A /* Info.plist */,
			);
			path = "Agile-tech";
			sourceTree = "<group>";
		};
		059F03C72536E43000C9915A /* DesignableView */ = {
			isa = PBXGroup;
			children = (
				059F03C92536E49100C9915A /* TextDesinableView.swift */,
			);
			path = DesignableView;
			sourceTree = "<group>";
		};
		05D85C242574B48B00983CA0 /* ViewController */ = {
			isa = PBXGroup;
			children = (
				059F03B52535918F00C9915A /* ViewController.swift */,
				0512ECD425709CD600FF9F4C /* PortalPageViewController.swift */,
			);
			path = ViewController;
			sourceTree = "<group>";
		};
/* End PBXGroup section */

/* Begin PBXNativeTarget section */
		059F03AD2535918F00C9915A /* Agile-tech */ = {
			isa = PBXNativeTarget;
			buildConfigurationList = 059F03C22535919300C9915A /* Build configuration list for PBXNativeTarget "Agile-tech" */;
			buildPhases = (
				059F03AA2535918F00C9915A /* Sources */,
				059F03AB2535918F00C9915A /* Frameworks */,
				059F03AC2535918F00C9915A /* Resources */,
			);
			buildRules = (
			);
			dependencies = (
			);
			name = "Agile-tech";
			productName = "Agile-tech";
			productReference = 059F03AE2535918F00C9915A /* Agile-tech.app */;
			productType = "com.apple.product-type.application";
		};
/* End PBXNativeTarget section */

/* Begin PBXProject section */
		059F03A62535918F00C9915A /* Project object */ = {
			isa = PBXProject;
			attributes = {
				LastSwiftUpdateCheck = 1200;
				LastUpgradeCheck = 1200;
				TargetAttributes = {
					059F03AD2535918F00C9915A = {
						CreatedOnToolsVersion = 12.0.1;
					};
				};
			};
			buildConfigurationList = 059F03A92535918F00C9915A /* Build configuration list for PBXProject "Agile-tech" */;
			compatibilityVersion = "Xcode 9.3";
			developmentRegion = en;
			hasScannedForEncodings = 0;
			knownRegions = (
				en,
				Base,
			);
			mainGroup = 059F03A52535918F00C9915A;
			productRefGroup = 059F03AF2535918F00C9915A /* Products */;
			projectDirPath = "";
			projectRoot = "";
			targets = (
				059F03AD2535918F00C9915A /* Agile-tech */,
			);
		};
/* End PBXProject section */

/* Begin PBXResourcesBuildPhase section */
		059F03AC2535918F00C9915A /* Resources */ = {
			isa = PBXResourcesBuildPhase;
			buildActionMask = 2147483647;
			files = (
				059F03BE2535919300C9915A /* LaunchScreen.storyboard in Resources */,
				059F03BB2535919300C9915A /* Assets.xcassets in Resources */,
				059F03B92535918F00C9915A /* Main.storyboard in Resources */,
			);
			runOnlyForDeploymentPostprocessing = 0;
		};
/* End PBXResourcesBuildPhase section */

/* Begin PBXSourcesBuildPhase section */
		059F03AA2535918F00C9915A /* Sources */ = {
			isa = PBXSourcesBuildPhase;
			buildActionMask = 2147483647;
			files = (
				05D85C2A2574D89C00983CA0 /* Login.swift in Sources */,
				059F03B62535918F00C9915A /* ViewController.swift in Sources */,
				0512ECD525709CD600FF9F4C /* PortalPageViewController.swift in Sources */,
				05D85C272574D1D600983CA0 /* User.swift in Sources */,
				059F03CA2536E49200C9915A /* TextDesinableView.swift in Sources */,
				059F03B22535918F00C9915A /* AppDelegate.swift in Sources */,
				059F03B42535918F00C9915A /* SceneDelegate.swift in Sources */,
			);
			runOnlyForDeploymentPostprocessing = 0;
		};
/* End PBXSourcesBuildPhase section */

/* Begin PBXVariantGroup section */
		059F03B72535918F00C9915A /* Main.storyboard */ = {
			isa = PBXVariantGroup;
			children = (
				059F03B82535918F00C9915A /* Base */,
			);
			name = Main.storyboard;
			sourceTree = "<group>";
		};
		059F03BC2535919300C9915A /* LaunchScreen.storyboard */ = {
			isa = PBXVariantGroup;
			children = (
				059F03BD2535919300C9915A /* Base */,
			);
			name = LaunchScreen.storyboard;
			sourceTree = "<group>";
		};
/* End PBXVariantGroup section */

/* Begin XCBuildConfiguration section */
		059F03C02535919300C9915A /* Debug */ = {
			isa = XCBuildConfiguration;
			buildSettings = {
				ALWAYS_SEARCH_USER_PATHS = NO;
				CLANG_ANALYZER_NONNULL = YES;
				CLANG_ANALYZER_NUMBER_OBJECT_CONVERSION = YES_AGGRESSIVE;
				CLANG_CXX_LANGUAGE_STANDARD = "gnu++14";
				CLANG_CXX_LIBRARY = "libc++";
				CLANG_ENABLE_MODULES = YES;
				CLANG_ENABLE_OBJC_ARC = YES;
				CLANG_ENABLE_OBJC_WEAK = YES;
				CLANG_WARN_BLOCK_CAPTURE_AUTORELEASING = YES;
				CLANG_WARN_BOOL_CONVERSION = YES;
				CLANG_WARN_COMMA = YES;
				CLANG_WARN_CONSTANT_CONVERSION = YES;
				CLANG_WARN_DEPRECATED_OBJC_IMPLEMENTATIONS = YES;
				CLANG_WARN_DIRECT_OBJC_ISA_USAGE = YES_ERROR;
				CLANG_WARN_DOCUMENTATION_COMMENTS = YES;
				CLANG_WARN_EMPTY_BODY = YES;
				CLANG_WARN_ENUM_CONVERSION = YES;
				CLANG_WARN_INFINITE_RECURSION = YES;
				CLANG_WARN_INT_CONVERSION = YES;
				CLANG_WARN_NON_LITERAL_NULL_CONVERSION = YES;
				CLANG_WARN_OBJC_IMPLICIT_RETAIN_SELF = YES;
				CLANG_WARN_OBJC_LITERAL_CONVERSION = YES;
				CLANG_WARN_OBJC_ROOT_CLASS = YES_ERROR;
				CLANG_WARN_QUOTED_INCLUDE_IN_FRAMEWORK_HEADER = YES;
				CLANG_WARN_RANGE_LOOP_ANALYSIS = YES;
				CLANG_WARN_STRICT_PROTOTYPES = YES;
				CLANG_WARN_SUSPICIOUS_MOVE = YES;
				CLANG_WARN_UNGUARDED_AVAILABILITY = YES_AGGRESSIVE;
				CLANG_WARN_UNREACHABLE_CODE = YES;
				CLANG_WARN__DUPLICATE_METHOD_MATCH = YES;
				COPY_PHASE_STRIP = NO;
				DEBUG_INFORMATION_FORMAT = dwarf;
				ENABLE_STRICT_OBJC_MSGSEND = YES;
				ENABLE_TESTABILITY = YES;
				GCC_C_LANGUAGE_STANDARD = gnu11;
				GCC_DYNAMIC_NO_PIC = NO;
				GCC_NO_COMMON_BLOCKS = YES;
				GCC_OPTIMIZATION_LEVEL = 0;
				GCC_PREPROCESSOR_DEFINITIONS = (
					"DEBUG=1",
					"$(inherited)",
				);
				GCC_WARN_64_TO_32_BIT_CONVERSION = YES;
				GCC_WARN_ABOUT_RETURN_TYPE = YES_ERROR;
				GCC_WARN_UNDECLARED_SELECTOR = YES;
				GCC_WARN_UNINITIALIZED_AUTOS = YES_AGGRESSIVE;
				GCC_WARN_UNUSED_FUNCTION = YES;
				GCC_WARN_UNUSED_VARIABLE = YES;
				IPHONEOS_DEPLOYMENT_TARGET = 14.0;
				MTL_ENABLE_DEBUG_INFO = INCLUDE_SOURCE;
				MTL_FAST_MATH = YES;
				ONLY_ACTIVE_ARCH = YES;
				SDKROOT = iphoneos;
				SWIFT_ACTIVE_COMPILATION_CONDITIONS = DEBUG;
				SWIFT_OPTIMIZATION_LEVEL = "-Onone";
			};
			name = Debug;
		};
		059F03C12535919300C9915A /* Release */ = {
			isa = XCBuildConfiguration;
			buildSettings = {
				ALWAYS_SEARCH_USER_PATHS = NO;
				CLANG_ANALYZER_NONNULL = YES;
				CLANG_ANALYZER_NUMBER_OBJECT_CONVERSION = YES_AGGRESSIVE;
				CLANG_CXX_LANGUAGE_STANDARD = "gnu++14";
				CLANG_CXX_LIBRARY = "libc++";
				CLANG_ENABLE_MODULES = YES;
				CLANG_ENABLE_OBJC_ARC = YES;
				CLANG_ENABLE_OBJC_WEAK = YES;
				CLANG_WARN_BLOCK_CAPTURE_AUTORELEASING = YES;
				CLANG_WARN_BOOL_CONVERSION = YES;
				CLANG_WARN_COMMA = YES;
				CLANG_WARN_CONSTANT_CONVERSION = YES;
				CLANG_WARN_DEPRECATED_OBJC_IMPLEMENTATIONS = YES;
				CLANG_WARN_DIRECT_OBJC_ISA_USAGE = YES_ERROR;
				CLANG_WARN_DOCUMENTATION_COMMENTS = YES;
				CLANG_WARN_EMPTY_BODY = YES;
				CLANG_WARN_ENUM_CONVERSION = YES;
				CLANG_WARN_INFINITE_RECURSION = YES;
				CLANG_WARN_INT_CONVERSION = YES;
				CLANG_WARN_NON_LITERAL_NULL_CONVERSION = YES;
				CLANG_WARN_OBJC_IMPLICIT_RETAIN_SELF = YES;
				CLANG_WARN_OBJC_LITERAL_CONVERSION = YES;
				CLANG_WARN_OBJC_ROOT_CLASS = YES_ERROR;
				CLANG_WARN_QUOTED_INCLUDE_IN_FRAMEWORK_HEADER = YES;
				CLANG_WARN_RANGE_LOOP_ANALYSIS = YES;
				CLANG_WARN_STRICT_PROTOTYPES = YES;
				CLANG_WARN_SUSPICIOUS_MOVE = YES;
				CLANG_WARN_UNGUARDED_AVAILABILITY = YES_AGGRESSIVE;
				CLANG_WARN_UNREACHABLE_CODE = YES;
				CLANG_WARN__DUPLICATE_METHOD_MATCH = YES;
				COPY_PHASE_STRIP = NO;
				DEBUG_INFORMATION_FORMAT = "dwarf-with-dsym";
				ENABLE_NS_ASSERTIONS = NO;
				ENABLE_STRICT_OBJC_MSGSEND = YES;
				GCC_C_LANGUAGE_STANDARD = gnu11;
				GCC_NO_COMMON_BLOCKS = YES;
				GCC_WARN_64_TO_32_BIT_CONVERSION = YES;
				GCC_WARN_ABOUT_RETURN_TYPE = YES_ERROR;
				GCC_WARN_UNDECLARED_SELECTOR = YES;
				GCC_WARN_UNINITIALIZED_AUTOS = YES_AGGRESSIVE;
				GCC_WARN_UNUSED_FUNCTION = YES;
				GCC_WARN_UNUSED_VARIABLE = YES;
				IPHONEOS_DEPLOYMENT_TARGET = 14.0;
				MTL_ENABLE_DEBUG_INFO = NO;
				MTL_FAST_MATH = YES;
				SDKROOT = iphoneos;
				SWIFT_COMPILATION_MODE = wholemodule;
				SWIFT_OPTIMIZATION_LEVEL = "-O";
				VALIDATE_PRODUCT = YES;
			};
			name = Release;
		};
		059F03C32535919300C9915A /* Debug */ = {
			isa = XCBuildConfiguration;
			buildSettings = {
				ASSETCATALOG_COMPILER_APPICON_NAME = AppIcon;
				ASSETCATALOG_COMPILER_GLOBAL_ACCENT_COLOR_NAME = AccentColor;
				CODE_SIGN_STYLE = Automatic;
				DEVELOPMENT_TEAM = TD6LFAZ9X8;
				INFOPLIST_FILE = "Agile-tech/Info.plist";
				LD_RUNPATH_SEARCH_PATHS = (
					"$(inherited)",
					"@executable_path/Frameworks",
				);
				PRODUCT_BUNDLE_IDENTIFIER = "agile-tech.jp.Agile-tech";
				PRODUCT_NAME = "$(TARGET_NAME)";
				SWIFT_VERSION = 5.0;
				TARGETED_DEVICE_FAMILY = "1,2";
			};
			name = Debug;
		};
		059F03C42535919300C9915A /* Release */ = {
			isa = XCBuildConfiguration;
			buildSettings = {
				ASSETCATALOG_COMPILER_APPICON_NAME = AppIcon;
				ASSETCATALOG_COMPILER_GLOBAL_ACCENT_COLOR_NAME = AccentColor;
				CODE_SIGN_STYLE = Automatic;
				DEVELOPMENT_TEAM = TD6LFAZ9X8;
				INFOPLIST_FILE = "Agile-tech/Info.plist";
				LD_RUNPATH_SEARCH_PATHS = (
					"$(inherited)",
					"@executable_path/Frameworks",
				);
				PRODUCT_BUNDLE_IDENTIFIER = "agile-tech.jp.Agile-tech";
				PRODUCT_NAME = "$(TARGET_NAME)";
				SWIFT_VERSION = 5.0;
				TARGETED_DEVICE_FAMILY = "1,2";
			};
			name = Release;
		};
/* End XCBuildConfiguration section */

/* Begin XCConfigurationList section */
		059F03A92535918F00C9915A /* Build configuration list for PBXProject "Agile-tech" */ = {
			isa = XCConfigurationList;
			buildConfigurations = (
				059F03C02535919300C9915A /* Debug */,
				059F03C12535919300C9915A /* Release */,
			);
			defaultConfigurationIsVisible = 0;
			defaultConfigurationName = Release;
		};
		059F03C22535919300C9915A /* Build configuration list for PBXNativeTarget "Agile-tech" */ = {
			isa = XCConfigurationList;
			buildConfigurations = (
				059F03C32535919300C9915A /* Debug */,
				059F03C42535919300C9915A /* Release */,
			);
			defaultConfigurationIsVisible = 0;
			defaultConfigurationName = Release;
		};
/* End XCConfigurationList section */
	};
	rootObject = 059F03A62535918F00C9915A /* Project object */;
}
